{
  "name": "mhyoc.github.io",
  "lockfileVersion": 3,
  "requires": true,
  "packages": {
    "": {
      "name": "mhyoc.github.io",
      "version": "1.0.0",
      "dependencies": {
        "astro": "^4.0.0"
      }
    },
    "node_modules/astro": {
      "version": "4.0.0",
      "resolved": "https://registry.npmjs.org/astro/-/astro-4.0.0.tgz",
      "integrity": "sha512-...",
      "engines": {
        "node": ">=18.0.0"
      }
    }
  },
  "dependencies": {
    "astro": {
      "version": "4.0.0",
      "resolved": "https://registry.npmjs.org/astro/-/astro-4.0.0.tgz",
      "integrity": "sha512-..."
    }
  }
}
